
Microsoft Visual Studio Solution File, Format Version 12.00
# Visual Studio 15
VisualStudioVersion = 15.0.27130.2020
MinimumVisualStudioVersion = 10.0.40219.1
Project("{FAE04EC0-301F-11D3-BF4B-00C04F79EFBC}") = "SiloHost1", "SiloHost1\SiloHost1.csproj", "{77D13688-33FB-444F-A307-4D58EBCDAA78}"
EndProject
Project("{FAE04EC0-301F-11D3-BF4B-00C04F79EFBC}") = "GrainInterfaces1", "GrainInterfaces1\GrainInterfaces1.csproj", "{A4CD81BE-26ED-4B73-8367-27287E887B9D}"
EndProject
Global
	GlobalSection(SolutionConfigurationPlatforms) = preSolution
		Debug|Any CPU = Debug|Any CPU
		Release|Any CPU = Release|Any CPU
	EndGlobalSection
	GlobalSection(ProjectConfigurationPlatforms) = postSolution
		{77D13688-33FB-444F-A307-4D58EBCDAA78}.Debug|Any CPU.ActiveCfg = Debug|Any CPU
		{77D13688-33FB-444F-A307-4D58EBCDAA78}.Debug|Any CPU.Build.0 = Debug|Any CPU
		{77D13688-33FB-444F-A307-4D58EBCDAA78}.Release|Any CPU.ActiveCfg = Release|Any CPU
		{77D13688-33FB-444F-A307-4D58EBCDAA78}.Release|Any CPU.Build.0 = Release|Any CPU
		{A4CD81BE-26ED-4B73-8367-27287E887B9D}.Debug|Any CPU.ActiveCfg = Debug|Any CPU
		{A4CD81BE-26ED-4B73-8367-27287E887B9D}.Debug|Any CPU.Build.0 = Debug|Any CPU
		{A4CD81BE-26ED-4B73-8367-27287E887B9D}.Release|Any CPU.ActiveCfg = Release|Any CPU
		{A4CD81BE-26ED-4B73-8367-27287E887B9D}.Release|Any CPU.Build.0 = Release|Any CPU
	EndGlobalSection
	GlobalSection(SolutionProperties) = preSolution
		HideSolutionNode = FALSE
	EndGlobalSection
	GlobalSection(ExtensibilityGlobals) = postSolution
		SolutionGuid = {A7C8F234-8FE1-4605-BB2E-ECA92B8A7457}
	EndGlobalSection
EndGlobal
